
Microsoft Visual Studio Solution File, Format Version 12.00
# Visual Studio Version 17
VisualStudioVersion = 17.3.32901.215
MinimumVisualStudioVersion = 10.0.40219.1
Project("{FAE04EC0-301F-11D3-BF4B-00C04F79EFBC}") = "list ornek 1", "list ornek 1\list ornek 1.csproj", "{A1512700-D7ED-42A2-B2DE-7D598CFB6328}"
EndProject
Global
	GlobalSection(SolutionConfigurationPlatforms) = preSolution
		Debug|Any CPU = Debug|Any CPU
		Release|Any CPU = Release|Any CPU
	EndGlobalSection
	GlobalSection(ProjectConfigurationPlatforms) = postSolution
		{A1512700-D7ED-42A2-B2DE-7D598CFB6328}.Debug|Any CPU.ActiveCfg = Debug|Any CPU
		{A1512700-D7ED-42A2-B2DE-7D598CFB6328}.Debug|Any CPU.Build.0 = Debug|Any CPU
		{A1512700-D7ED-42A2-B2DE-7D598CFB6328}.Release|Any CPU.ActiveCfg = Release|Any CPU
		{A1512700-D7ED-42A2-B2DE-7D598CFB6328}.Release|Any CPU.Build.0 = Release|Any CPU
	EndGlobalSection
	GlobalSection(SolutionProperties) = preSolution
		HideSolutionNode = FALSE
	EndGlobalSection
	GlobalSection(ExtensibilityGlobals) = postSolution
		SolutionGuid = {C7544789-400B-4B53-B837-446841F64ACA}
	EndGlobalSection
EndGlobal
